
Microsoft Visual Studio Solution File, Format Version 12.00
# Visual Studio 2013
VisualStudioVersion = 12.0.21005.1
MinimumVisualStudioVersion = 10.0.40219.1
Project("{FAE04EC0-301F-11D3-BF4B-00C04F79EFBC}") = "Okul_servisi_sayım", "Okul_servisi_sayım\Okul_servisi_sayım.csproj", "{D6AFF5AE-B84E-4163-A1EE-6042511BB202}"
EndProject
Project("{54435603-DBB4-11D2-8724-00A0C9A8B90C}") = "190541086_omer_faruk_aydemir", "190541086_omer_faruk_aydemir\190541086_omer_faruk_aydemir.vdproj", "{0D83F66D-3AEA-4F40-B5CF-471BF5C53D33}"
EndProject
Global
	GlobalSection(SolutionConfigurationPlatforms) = preSolution
		Debug|Any CPU = Debug|Any CPU
		Release|Any CPU = Release|Any CPU
	EndGlobalSection
	GlobalSection(ProjectConfigurationPlatforms) = postSolution
		{D6AFF5AE-B84E-4163-A1EE-6042511BB202}.Debug|Any CPU.ActiveCfg = Debug|Any CPU
		{D6AFF5AE-B84E-4163-A1EE-6042511BB202}.Debug|Any CPU.Build.0 = Debug|Any CPU
		{D6AFF5AE-B84E-4163-A1EE-6042511BB202}.Release|Any CPU.ActiveCfg = Release|Any CPU
		{D6AFF5AE-B84E-4163-A1EE-6042511BB202}.Release|Any CPU.Build.0 = Release|Any CPU
		{0D83F66D-3AEA-4F40-B5CF-471BF5C53D33}.Debug|Any CPU.ActiveCfg = Debug
		{0D83F66D-3AEA-4F40-B5CF-471BF5C53D33}.Release|Any CPU.ActiveCfg = Release
	EndGlobalSection
	GlobalSection(SolutionProperties) = preSolution
		HideSolutionNode = FALSE
	EndGlobalSection
EndGlobal
